
Microsoft Visual Studio Solution File, Format Version 12.00
# Visual Studio 14
VisualStudioVersion = 14.0.25420.1
MinimumVisualStudioVersion = 10.0.40219.1
Project("{FAE04EC0-301F-11D3-BF4B-00C04F79EFBC}") = "BLL", "BLL\BLL.csproj", "{8D336756-2D28-487E-A029-3A1F13CB478E}"
	ProjectSection(ProjectDependencies) = postProject
		{993ABB5C-881A-4A90-A322-FCB45B374C91} = {993ABB5C-881A-4A90-A322-FCB45B374C91}
		{D911BC5D-EE97-49D9-8CA9-1E0BFC2FE76A} = {D911BC5D-EE97-49D9-8CA9-1E0BFC2FE76A}
	EndProjectSection
EndProject
Project("{FAE04EC0-301F-11D3-BF4B-00C04F79EFBC}") = "Model", "Model\Model.csproj", "{D911BC5D-EE97-49D9-8CA9-1E0BFC2FE76A}"
EndProject
Project("{FAE04EC0-301F-11D3-BF4B-00C04F79EFBC}") = "DAL", "DAL\DAL.csproj", "{993ABB5C-881A-4A90-A322-FCB45B374C91}"
	ProjectSection(ProjectDependencies) = postProject
		{D911BC5D-EE97-49D9-8CA9-1E0BFC2FE76A} = {D911BC5D-EE97-49D9-8CA9-1E0BFC2FE76A}
	EndProjectSection
EndProject
Project("{FAE04EC0-301F-11D3-BF4B-00C04F79EFBC}") = "Utility", "Utility\Utility.csproj", "{8FC1A4C8-2145-4A19-B6AB-D591018041CE}"
EndProject
Project("{FAE04EC0-301F-11D3-BF4B-00C04F79EFBC}") = "App", "App\App.csproj", "{44051669-35A4-46DC-841C-FAE26076439B}"
EndProject
Global
	GlobalSection(SolutionConfigurationPlatforms) = preSolution
		Debug|Any CPU = Debug|Any CPU
		Release|Any CPU = Release|Any CPU
	EndGlobalSection
	GlobalSection(ProjectConfigurationPlatforms) = postSolution
		{8D336756-2D28-487E-A029-3A1F13CB478E}.Debug|Any CPU.ActiveCfg = Debug|Any CPU
		{8D336756-2D28-487E-A029-3A1F13CB478E}.Debug|Any CPU.Build.0 = Debug|Any CPU
		{8D336756-2D28-487E-A029-3A1F13CB478E}.Release|Any CPU.ActiveCfg = Release|Any CPU
		{8D336756-2D28-487E-A029-3A1F13CB478E}.Release|Any CPU.Build.0 = Release|Any CPU
		{D911BC5D-EE97-49D9-8CA9-1E0BFC2FE76A}.Debug|Any CPU.ActiveCfg = Debug|Any CPU
		{D911BC5D-EE97-49D9-8CA9-1E0BFC2FE76A}.Debug|Any CPU.Build.0 = Debug|Any CPU
		{D911BC5D-EE97-49D9-8CA9-1E0BFC2FE76A}.Release|Any CPU.ActiveCfg = Release|Any CPU
		{D911BC5D-EE97-49D9-8CA9-1E0BFC2FE76A}.Release|Any CPU.Build.0 = Release|Any CPU
		{993ABB5C-881A-4A90-A322-FCB45B374C91}.Debug|Any CPU.ActiveCfg = Debug|Any CPU
		{993ABB5C-881A-4A90-A322-FCB45B374C91}.Debug|Any CPU.Build.0 = Debug|Any CPU
		{993ABB5C-881A-4A90-A322-FCB45B374C91}.Release|Any CPU.ActiveCfg = Release|Any CPU
		{993ABB5C-881A-4A90-A322-FCB45B374C91}.Release|Any CPU.Build.0 = Release|Any CPU
		{8FC1A4C8-2145-4A19-B6AB-D591018041CE}.Debug|Any CPU.ActiveCfg = Debug|Any CPU
		{8FC1A4C8-2145-4A19-B6AB-D591018041CE}.Debug|Any CPU.Build.0 = Debug|Any CPU
		{8FC1A4C8-2145-4A19-B6AB-D591018041CE}.Release|Any CPU.ActiveCfg = Release|Any CPU
		{8FC1A4C8-2145-4A19-B6AB-D591018041CE}.Release|Any CPU.Build.0 = Release|Any CPU
		{44051669-35A4-46DC-841C-FAE26076439B}.Debug|Any CPU.ActiveCfg = Debug|Any CPU
		{44051669-35A4-46DC-841C-FAE26076439B}.Debug|Any CPU.Build.0 = Debug|Any CPU
		{44051669-35A4-46DC-841C-FAE26076439B}.Release|Any CPU.ActiveCfg = Release|Any CPU
		{44051669-35A4-46DC-841C-FAE26076439B}.Release|Any CPU.Build.0 = Release|Any CPU
	EndGlobalSection
	GlobalSection(SolutionProperties) = preSolution
		HideSolutionNode = FALSE
	EndGlobalSection
EndGlobal
