
Microsoft Visual Studio Solution File, Format Version 12.00
# Visual Studio 14
VisualStudioVersion = 14.0.25420.1
MinimumVisualStudioVersion = 10.0.40219.1
Project("{FAE04EC0-301F-11D3-BF4B-00C04F79EFBC}") = "ZiMo.MallPay", "ZiMo.MallPay\ZiMo.MallPay.csproj", "{6FA1D4D1-273A-4F1F-BC45-1471271805C1}"
EndProject
Project("{FAE04EC0-301F-11D3-BF4B-00C04F79EFBC}") = "ZiMo.Model", "ZiMo.Model\ZiMo.Model.csproj", "{1A280620-8BFC-41B5-93CD-CA6CD9350B72}"
EndProject
Global
	GlobalSection(SolutionConfigurationPlatforms) = preSolution
		Debug|Any CPU = Debug|Any CPU
		Release|Any CPU = Release|Any CPU
	EndGlobalSection
	GlobalSection(ProjectConfigurationPlatforms) = postSolution
		{6FA1D4D1-273A-4F1F-BC45-1471271805C1}.Debug|Any CPU.ActiveCfg = Debug|Any CPU
		{6FA1D4D1-273A-4F1F-BC45-1471271805C1}.Debug|Any CPU.Build.0 = Debug|Any CPU
		{6FA1D4D1-273A-4F1F-BC45-1471271805C1}.Release|Any CPU.ActiveCfg = Release|Any CPU
		{6FA1D4D1-273A-4F1F-BC45-1471271805C1}.Release|Any CPU.Build.0 = Release|Any CPU
		{1A280620-8BFC-41B5-93CD-CA6CD9350B72}.Debug|Any CPU.ActiveCfg = Debug|Any CPU
		{1A280620-8BFC-41B5-93CD-CA6CD9350B72}.Debug|Any CPU.Build.0 = Debug|Any CPU
		{1A280620-8BFC-41B5-93CD-CA6CD9350B72}.Release|Any CPU.ActiveCfg = Release|Any CPU
		{1A280620-8BFC-41B5-93CD-CA6CD9350B72}.Release|Any CPU.Build.0 = Release|Any CPU
	EndGlobalSection
	GlobalSection(SolutionProperties) = preSolution
		HideSolutionNode = FALSE
	EndGlobalSection
EndGlobal
